
Microsoft Visual Studio Solution File, Format Version 12.00
# Visual Studio 14
VisualStudioVersion = 14.0.25420.1
MinimumVisualStudioVersion = 10.0.40219.1
Project("{FAE04EC0-301F-11D3-BF4B-00C04F79EFBC}") = "AutomatedTellermachine", "AutomatedTellermachine\AutomatedTellermachine.csproj", "{FAB620CB-0F94-4534-A159-241C9711CF0E}"
EndProject
Project("{FAE04EC0-301F-11D3-BF4B-00C04F79EFBC}") = "AutomatedTellermachine.Tests", "AutomatedTellermachine.Tests\AutomatedTellermachine.Tests.csproj", "{3BBE4D6D-B1C7-4F0B-9CEF-05A0AF90A2B1}"
EndProject
Global
	GlobalSection(SolutionConfigurationPlatforms) = preSolution
		Debug|Any CPU = Debug|Any CPU
		Release|Any CPU = Release|Any CPU
	EndGlobalSection
	GlobalSection(ProjectConfigurationPlatforms) = postSolution
		{FAB620CB-0F94-4534-A159-241C9711CF0E}.Debug|Any CPU.ActiveCfg = Debug|Any CPU
		{FAB620CB-0F94-4534-A159-241C9711CF0E}.Debug|Any CPU.Build.0 = Debug|Any CPU
		{FAB620CB-0F94-4534-A159-241C9711CF0E}.Release|Any CPU.ActiveCfg = Release|Any CPU
		{FAB620CB-0F94-4534-A159-241C9711CF0E}.Release|Any CPU.Build.0 = Release|Any CPU
		{3BBE4D6D-B1C7-4F0B-9CEF-05A0AF90A2B1}.Debug|Any CPU.ActiveCfg = Debug|Any CPU
		{3BBE4D6D-B1C7-4F0B-9CEF-05A0AF90A2B1}.Debug|Any CPU.Build.0 = Debug|Any CPU
		{3BBE4D6D-B1C7-4F0B-9CEF-05A0AF90A2B1}.Release|Any CPU.ActiveCfg = Release|Any CPU
		{3BBE4D6D-B1C7-4F0B-9CEF-05A0AF90A2B1}.Release|Any CPU.Build.0 = Release|Any CPU
	EndGlobalSection
	GlobalSection(SolutionProperties) = preSolution
		HideSolutionNode = FALSE
	EndGlobalSection
EndGlobal
